
Microsoft Visual Studio Solution File, Format Version 12.00
# Visual Studio Version 16
VisualStudioVersion = 16.0.28803.156
MinimumVisualStudioVersion = 10.0.40219.1
Project("{FAE04EC0-301F-11D3-BF4B-00C04F79EFBC}") = "ImportCellPhones", "ImportCellPhones\ImportCellPhones.csproj", "{27F9E887-2C01-4C73-B2A2-EA94F76FAAE3}"
EndProject
Global
	GlobalSection(SolutionConfigurationPlatforms) = preSolution
		Debug|Any CPU = Debug|Any CPU
		Release|Any CPU = Release|Any CPU
	EndGlobalSection
	GlobalSection(ProjectConfigurationPlatforms) = postSolution
		{27F9E887-2C01-4C73-B2A2-EA94F76FAAE3}.Debug|Any CPU.ActiveCfg = Debug|Any CPU
		{27F9E887-2C01-4C73-B2A2-EA94F76FAAE3}.Debug|Any CPU.Build.0 = Debug|Any CPU
		{27F9E887-2C01-4C73-B2A2-EA94F76FAAE3}.Release|Any CPU.ActiveCfg = Release|Any CPU
		{27F9E887-2C01-4C73-B2A2-EA94F76FAAE3}.Release|Any CPU.Build.0 = Release|Any CPU
	EndGlobalSection
	GlobalSection(SolutionProperties) = preSolution
		HideSolutionNode = FALSE
	EndGlobalSection
	GlobalSection(ExtensibilityGlobals) = postSolution
		SolutionGuid = {90721D13-BD07-4402-B03A-69C709C27A38}
	EndGlobalSection
EndGlobal
